// !$*UTF8*$!
{
	archiveVersion = 1;
	classes = {
	};
	objectVersion = 56;
	objects = {

/* Begin PBXBuildFile section */
		98DB48612AFBF8EC00C978ED /* PlanetModel.swift in Sources */ = {isa = PBXBuildFile; fileRef = 98DB48602AFBF8EC00C978ED /* PlanetModel.swift */; };
		98DB48632AFBF94200C978ED /* StarWarsAPIManager.swift in Sources */ = {isa = PBXBuildFile; fileRef = 98DB48622AFBF94200C978ED /* StarWarsAPIManager.swift */; };
		98DB48792AFC522F00C978ED /* PlanetsView.swift in Sources */ = {isa = PBXBuildFile; fileRef = 98DB48782AFC522F00C978ED /* PlanetsView.swift */; };
		98DB487D2AFC547400C978ED /* StarshipsView.swift in Sources */ = {isa = PBXBuildFile; fileRef = 98DB487C2AFC547400C978ED /* StarshipsView.swift */; };
		98DB487F2AFC587F00C978ED /* StarshipModel.swift in Sources */ = {isa = PBXBuildFile; fileRef = 98DB487E2AFC587F00C978ED /* StarshipModel.swift */; };
		98ED4A842AF597AA00FF4170 /* PlaygroundApp.swift in Sources */ = {isa = PBXBuildFile; fileRef = 98ED4A832AF597AA00FF4170 /* PlaygroundApp.swift */; };
		98ED4A862AF597AA00FF4170 /* HomeView.swift in Sources */ = {isa = PBXBuildFile; fileRef = 98ED4A852AF597AA00FF4170 /* HomeView.swift */; };
		98ED4A882AF597AB00FF4170 /* Assets.xcassets in Resources */ = {isa = PBXBuildFile; fileRef = 98ED4A872AF597AB00FF4170 /* Assets.xcassets */; };
		98ED4A8B2AF597AB00FF4170 /* Preview Assets.xcassets in Resources */ = {isa = PBXBuildFile; fileRef = 98ED4A8A2AF597AB00FF4170 /* Preview Assets.xcassets */; };
		98FF656E2AFAC81700A2AB8D /* CustomPagingSlider.swift in Sources */ = {isa = PBXBuildFile; fileRef = 98FF656D2AFAC81700A2AB8D /* CustomPagingSlider.swift */; };
/* End PBXBuildFile section */

/* Begin PBXContainerItemProxy section */
		98ED4A912AF597AB00FF4170 /* PBXContainerItemProxy */ = {
			isa = PBXContainerItemProxy;
			containerPortal = 98ED4A782AF597AA00FF4170 /* Project object */;
			proxyType = 1;
			remoteGlobalIDString = 98ED4A7F2AF597AA00FF4170;
			remoteInfo = Playground;
		};
		98ED4A9B2AF597AB00FF4170 /* PBXContainerItemProxy */ = {
			isa = PBXContainerItemProxy;
			containerPortal = 98ED4A782AF597AA00FF4170 /* Project object */;
			proxyType = 1;
			remoteGlobalIDString = 98ED4A7F2AF597AA00FF4170;
			remoteInfo = Playground;
		};
/* End PBXContainerItemProxy section */

/* Begin PBXFileReference section */
		98DB48602AFBF8EC00C978ED /* PlanetModel.swift */ = {isa = PBXFileReference; lastKnownFileType = sourcecode.swift; path = PlanetModel.swift; sourceTree = "<group>"; };
		98DB48622AFBF94200C978ED /* StarWarsAPIManager.swift */ = {isa = PBXFileReference; lastKnownFileType = sourcecode.swift; path = StarWarsAPIManager.swift; sourceTree = "<group>"; };
		98DB48742AFC007600C978ED /* planet3.png */ = {isa = PBXFileReference; lastKnownFileType = image.png; path = planet3.png; sourceTree = "<group>"; };
		98DB48752AFC007600C978ED /* planet4.png */ = {isa = PBXFileReference; lastKnownFileType = image.png; path = planet4.png; sourceTree = "<group>"; };
		98DB48762AFC007600C978ED /* planet2.png */ = {isa = PBXFileReference; lastKnownFileType = image.png; path = planet2.png; sourceTree = "<group>"; };
		98DB48772AFC007700C978ED /* planet1.png */ = {isa = PBXFileReference; lastKnownFileType = image.png; path = planet1.png; sourceTree = "<group>"; };
		98DB48782AFC522F00C978ED /* PlanetsView.swift */ = {isa = PBXFileReference; lastKnownFileType = sourcecode.swift; path = PlanetsView.swift; sourceTree = "<group>"; };
		98DB487C2AFC547400C978ED /* StarshipsView.swift */ = {isa = PBXFileReference; lastKnownFileType = sourcecode.swift; path = StarshipsView.swift; sourceTree = "<group>"; };
		98DB487E2AFC587F00C978ED /* StarshipModel.swift */ = {isa = PBXFileReference; lastKnownFileType = sourcecode.swift; path = StarshipModel.swift; sourceTree = "<group>"; };
		98ED4A802AF597AA00FF4170 /* Playground.app */ = {isa = PBXFileReference; explicitFileType = wrapper.application; includeInIndex = 0; path = Playground.app; sourceTree = BUILT_PRODUCTS_DIR; };
		98ED4A832AF597AA00FF4170 /* PlaygroundApp.swift */ = {isa = PBXFileReference; lastKnownFileType = sourcecode.swift; path = PlaygroundApp.swift; sourceTree = "<group>"; };
		98ED4A852AF597AA00FF4170 /* HomeView.swift */ = {isa = PBXFileReference; lastKnownFileType = sourcecode.swift; path = HomeView.swift; sourceTree = "<group>"; };
		98ED4A872AF597AB00FF4170 /* Assets.xcassets */ = {isa = PBXFileReference; lastKnownFileType = folder.assetcatalog; path = Assets.xcassets; sourceTree = "<group>"; };
		98ED4A8A2AF597AB00FF4170 /* Preview Assets.xcassets */ = {isa = PBXFileReference; lastKnownFileType = folder.assetcatalog; path = "Preview Assets.xcassets"; sourceTree = "<group>"; };
		98ED4A902AF597AB00FF4170 /* PlaygroundTests.xctest */ = {isa = PBXFileReference; explicitFileType = wrapper.cfbundle; includeInIndex = 0; path = PlaygroundTests.xctest; sourceTree = BUILT_PRODUCTS_DIR; };
		98ED4A9A2AF597AB00FF4170 /* PlaygroundUITests.xctest */ = {isa = PBXFileReference; explicitFileType = wrapper.cfbundle; includeInIndex = 0; path = PlaygroundUITests.xctest; sourceTree = BUILT_PRODUCTS_DIR; };
		98FF656D2AFAC81700A2AB8D /* CustomPagingSlider.swift */ = {isa = PBXFileReference; lastKnownFileType = sourcecode.swift; path = CustomPagingSlider.swift; sourceTree = "<group>"; };
/* End PBXFileReference section */

/* Begin PBXFrameworksBuildPhase section */
		98ED4A7D2AF597AA00FF4170 /* Frameworks */ = {
			isa = PBXFrameworksBuildPhase;
			buildActionMask = 2147483647;
			files = (
			);
			runOnlyForDeploymentPostprocessing = 0;
		};
		98ED4A8D2AF597AB00FF4170 /* Frameworks */ = {
			isa = PBXFrameworksBuildPhase;
			buildActionMask = 2147483647;
			files = (
			);
			runOnlyForDeploymentPostprocessing = 0;
		};
		98ED4A972AF597AB00FF4170 /* Frameworks */ = {
			isa = PBXFrameworksBuildPhase;
			buildActionMask = 2147483647;
			files = (
			);
			runOnlyForDeploymentPostprocessing = 0;
		};
/* End PBXFrameworksBuildPhase section */

/* Begin PBXGroup section */
		98DB487A2AFC526200C978ED /* Models */ = {
			isa = PBXGroup;
			children = (
				98DB48602AFBF8EC00C978ED /* PlanetModel.swift */,
				98DB487E2AFC587F00C978ED /* StarshipModel.swift */,
			);
			path = Models;
			sourceTree = "<group>";
		};
		98DB487B2AFC527100C978ED /* API */ = {
			isa = PBXGroup;
			children = (
				98DB48622AFBF94200C978ED /* StarWarsAPIManager.swift */,
			);
			path = API;
			sourceTree = "<group>";
		};
		98ED4A772AF597AA00FF4170 = {
			isa = PBXGroup;
			children = (
				98ED4A822AF597AA00FF4170 /* Playground */,
				98ED4A812AF597AA00FF4170 /* Products */,
			);
			sourceTree = "<group>";
		};
		98ED4A812AF597AA00FF4170 /* Products */ = {
			isa = PBXGroup;
			children = (
				98ED4A802AF597AA00FF4170 /* Playground.app */,
				98ED4A902AF597AB00FF4170 /* PlaygroundTests.xctest */,
				98ED4A9A2AF597AB00FF4170 /* PlaygroundUITests.xctest */,
			);
			name = Products;
			sourceTree = "<group>";
		};
		98ED4A822AF597AA00FF4170 /* Playground */ = {
			isa = PBXGroup;
			children = (
				98DB487B2AFC527100C978ED /* API */,
				98DB487A2AFC526200C978ED /* Models */,
				98FF656C2AFAC7EF00A2AB8D /* Helpers */,
				98DB48782AFC522F00C978ED /* PlanetsView.swift */,
				98ED4A832AF597AA00FF4170 /* PlaygroundApp.swift */,
				98ED4A852AF597AA00FF4170 /* HomeView.swift */,
				98ED4A872AF597AB00FF4170 /* Assets.xcassets */,
				98DB48772AFC007700C978ED /* planet1.png */,
				98DB48762AFC007600C978ED /* planet2.png */,
				98DB48742AFC007600C978ED /* planet3.png */,
				98DB48752AFC007600C978ED /* planet4.png */,
				98ED4A892AF597AB00FF4170 /* Preview Content */,
				98DB487C2AFC547400C978ED /* StarshipsView.swift */,
			);
			path = Playground;
			sourceTree = "<group>";
		};
		98ED4A892AF597AB00FF4170 /* Preview Content */ = {
			isa = PBXGroup;
			children = (
				98ED4A8A2AF597AB00FF4170 /* Preview Assets.xcassets */,
			);
			path = "Preview Content";
			sourceTree = "<group>";
		};
		98FF656C2AFAC7EF00A2AB8D /* Helpers */ = {
			isa = PBXGroup;
			children = (
				98FF656D2AFAC81700A2AB8D /* CustomPagingSlider.swift */,
			);
			path = Helpers;
			sourceTree = "<group>";
		};
/* End PBXGroup section */

/* Begin PBXNativeTarget section */
		98ED4A7F2AF597AA00FF4170 /* Playground */ = {
			isa = PBXNativeTarget;
			buildConfigurationList = 98ED4AA42AF597AB00FF4170 /* Build configuration list for PBXNativeTarget "Playground" */;
			buildPhases = (
				98ED4A7C2AF597AA00FF4170 /* Sources */,
				98ED4A7D2AF597AA00FF4170 /* Frameworks */,
				98ED4A7E2AF597AA00FF4170 /* Resources */,
			);
			buildRules = (
			);
			dependencies = (
			);
			name = Playground;
			productName = Playground;
			productReference = 98ED4A802AF597AA00FF4170 /* Playground.app */;
			productType = "com.apple.product-type.application";
		};
		98ED4A8F2AF597AB00FF4170 /* PlaygroundTests */ = {
			isa = PBXNativeTarget;
			buildConfigurationList = 98ED4AA72AF597AB00FF4170 /* Build configuration list for PBXNativeTarget "PlaygroundTests" */;
			buildPhases = (
				98ED4A8C2AF597AB00FF4170 /* Sources */,
				98ED4A8D2AF597AB00FF4170 /* Frameworks */,
				98ED4A8E2AF597AB00FF4170 /* Resources */,
			);
			buildRules = (
			);
			dependencies = (
				98ED4A922AF597AB00FF4170 /* PBXTargetDependency */,
			);
			name = PlaygroundTests;
			productName = PlaygroundTests;
			productReference = 98ED4A902AF597AB00FF4170 /* PlaygroundTests.xctest */;
			productType = "com.apple.product-type.bundle.unit-test";
		};
		98ED4A992AF597AB00FF4170 /* PlaygroundUITests */ = {
			isa = PBXNativeTarget;
			buildConfigurationList = 98ED4AAA2AF597AB00FF4170 /* Build configuration list for PBXNativeTarget "PlaygroundUITests" */;
			buildPhases = (
				98ED4A962AF597AB00FF4170 /* Sources */,
				98ED4A972AF597AB00FF4170 /* Frameworks */,
				98ED4A982AF597AB00FF4170 /* Resources */,
			);
			buildRules = (
			);
			dependencies = (
				98ED4A9C2AF597AB00FF4170 /* PBXTargetDependency */,
			);
			name = PlaygroundUITests;
			productName = PlaygroundUITests;
			productReference = 98ED4A9A2AF597AB00FF4170 /* PlaygroundUITests.xctest */;
			productType = "com.apple.product-type.bundle.ui-testing";
		};
/* End PBXNativeTarget section */

/* Begin PBXProject section */
		98ED4A782AF597AA00FF4170 /* Project object */ = {
			isa = PBXProject;
			attributes = {
				BuildIndependentTargetsInParallel = 1;
				LastSwiftUpdateCheck = 1500;
				LastUpgradeCheck = 1500;
				TargetAttributes = {
					98ED4A7F2AF597AA00FF4170 = {
						CreatedOnToolsVersion = 15.0.1;
					};
					98ED4A8F2AF597AB00FF4170 = {
						CreatedOnToolsVersion = 15.0.1;
						TestTargetID = 98ED4A7F2AF597AA00FF4170;
					};
					98ED4A992AF597AB00FF4170 = {
						CreatedOnToolsVersion = 15.0.1;
						TestTargetID = 98ED4A7F2AF597AA00FF4170;
					};
				};
			};
			buildConfigurationList = 98ED4A7B2AF597AA00FF4170 /* Build configuration list for PBXProject "Playground" */;
			compatibilityVersion = "Xcode 14.0";
			developmentRegion = en;
			hasScannedForEncodings = 0;
			knownRegions = (
				en,
				Base,
			);
			mainGroup = 98ED4A772AF597AA00FF4170;
			productRefGroup = 98ED4A812AF597AA00FF4170 /* Products */;
			projectDirPath = "";
			projectRoot = "";
			targets = (
				98ED4A7F2AF597AA00FF4170 /* Playground */,
				98ED4A8F2AF597AB00FF4170 /* PlaygroundTests */,
				98ED4A992AF597AB00FF4170 /* PlaygroundUITests */,
			);
		};
/* End PBXProject section */

/* Begin PBXResourcesBuildPhase section */
		98ED4A7E2AF597AA00FF4170 /* Resources */ = {
			isa = PBXResourcesBuildPhase;
			buildActionMask = 2147483647;
			files = (
				98ED4A8B2AF597AB00FF4170 /* Preview Assets.xcassets in Resources */,
				98ED4A882AF597AB00FF4170 /* Assets.xcassets in Resources */,
			);
			runOnlyForDeploymentPostprocessing = 0;
		};
		98ED4A8E2AF597AB00FF4170 /* Resources */ = {
			isa = PBXResourcesBuildPhase;
			buildActionMask = 2147483647;
			files = (
			);
			runOnlyForDeploymentPostprocessing = 0;
		};
		98ED4A982AF597AB00FF4170 /* Resources */ = {
			isa = PBXResourcesBuildPhase;
			buildActionMask = 2147483647;
			files = (
			);
			runOnlyForDeploymentPostprocessing = 0;
		};
/* End PBXResourcesBuildPhase section */

/* Begin PBXSourcesBuildPhase section */
		98ED4A7C2AF597AA00FF4170 /* Sources */ = {
			isa = PBXSourcesBuildPhase;
			buildActionMask = 2147483647;
			files = (
				98ED4A862AF597AA00FF4170 /* HomeView.swift in Sources */,
				98DB48612AFBF8EC00C978ED /* PlanetModel.swift in Sources */,
				98DB487D2AFC547400C978ED /* StarshipsView.swift in Sources */,
				98FF656E2AFAC81700A2AB8D /* CustomPagingSlider.swift in Sources */,
				98ED4A842AF597AA00FF4170 /* PlaygroundApp.swift in Sources */,
				98DB487F2AFC587F00C978ED /* StarshipModel.swift in Sources */,
				98DB48632AFBF94200C978ED /* StarWarsAPIManager.swift in Sources */,
				98DB48792AFC522F00C978ED /* PlanetsView.swift in Sources */,
			);
			runOnlyForDeploymentPostprocessing = 0;
		};
		98ED4A8C2AF597AB00FF4170 /* Sources */ = {
			isa = PBXSourcesBuildPhase;
			buildActionMask = 2147483647;
			files = (
			);
			runOnlyForDeploymentPostprocessing = 0;
		};
		98ED4A962AF597AB00FF4170 /* Sources */ = {
			isa = PBXSourcesBuildPhase;
			buildActionMask = 2147483647;
			files = (
			);
			runOnlyForDeploymentPostprocessing = 0;
		};
/* End PBXSourcesBuildPhase section */

/* Begin PBXTargetDependency section */
		98ED4A922AF597AB00FF4170 /* PBXTargetDependency */ = {
			isa = PBXTargetDependency;
			target = 98ED4A7F2AF597AA00FF4170 /* Playground */;
			targetProxy = 98ED4A912AF597AB00FF4170 /* PBXContainerItemProxy */;
		};
		98ED4A9C2AF597AB00FF4170 /* PBXTargetDependency */ = {
			isa = PBXTargetDependency;
			target = 98ED4A7F2AF597AA00FF4170 /* Playground */;
			targetProxy = 98ED4A9B2AF597AB00FF4170 /* PBXContainerItemProxy */;
		};
/* End PBXTargetDependency section */

/* Begin XCBuildConfiguration section */
		98ED4AA22AF597AB00FF4170 /* Debug */ = {
			isa = XCBuildConfiguration;
			buildSettings = {
				ALWAYS_SEARCH_USER_PATHS = NO;
				ASSETCATALOG_COMPILER_GENERATE_SWIFT_ASSET_SYMBOL_EXTENSIONS = YES;
				CLANG_ANALYZER_NONNULL = YES;
				CLANG_ANALYZER_NUMBER_OBJECT_CONVERSION = YES_AGGRESSIVE;
				CLANG_CXX_LANGUAGE_STANDARD = "gnu++20";
				CLANG_ENABLE_MODULES = YES;
				CLANG_ENABLE_OBJC_ARC = YES;
				CLANG_ENABLE_OBJC_WEAK = YES;
				CLANG_WARN_BLOCK_CAPTURE_AUTORELEASING = YES;
				CLANG_WARN_BOOL_CONVERSION = YES;
				CLANG_WARN_COMMA = YES;
				CLANG_WARN_CONSTANT_CONVERSION = YES;
				CLANG_WARN_DEPRECATED_OBJC_IMPLEMENTATIONS = YES;
				CLANG_WARN_DIRECT_OBJC_ISA_USAGE = YES_ERROR;
				CLANG_WARN_DOCUMENTATION_COMMENTS = YES;
				CLANG_WARN_EMPTY_BODY = YES;
				CLANG_WARN_ENUM_CONVERSION = YES;
				CLANG_WARN_INFINITE_RECURSION = YES;
				CLANG_WARN_INT_CONVERSION = YES;
				CLANG_WARN_NON_LITERAL_NULL_CONVERSION = YES;
				CLANG_WARN_OBJC_IMPLICIT_RETAIN_SELF = YES;
				CLANG_WARN_OBJC_LITERAL_CONVERSION = YES;
				CLANG_WARN_OBJC_ROOT_CLASS = YES_ERROR;
				CLANG_WARN_QUOTED_INCLUDE_IN_FRAMEWORK_HEADER = YES;
				CLANG_WARN_RANGE_LOOP_ANALYSIS = YES;
				CLANG_WARN_STRICT_PROTOTYPES = YES;
				CLANG_WARN_SUSPICIOUS_MOVE = YES;
				CLANG_WARN_UNGUARDED_AVAILABILITY = YES_AGGRESSIVE;
				CLANG_WARN_UNREACHABLE_CODE = YES;
				CLANG_WARN__DUPLICATE_METHOD_MATCH = YES;
				COPY_PHASE_STRIP = NO;
				DEBUG_INFORMATION_FORMAT = dwarf;
				ENABLE_STRICT_OBJC_MSGSEND = YES;
				ENABLE_TESTABILITY = YES;
				ENABLE_USER_SCRIPT_SANDBOXING = YES;
				GCC_C_LANGUAGE_STANDARD = gnu17;
				GCC_DYNAMIC_NO_PIC = NO;
				GCC_NO_COMMON_BLOCKS = YES;
				GCC_OPTIMIZATION_LEVEL = 0;
				GCC_PREPROCESSOR_DEFINITIONS = (
					"DEBUG=1",
					"$(inherited)",
				);
				GCC_WARN_64_TO_32_BIT_CONVERSION = YES;
				GCC_WARN_ABOUT_RETURN_TYPE = YES_ERROR;
				GCC_WARN_UNDECLARED_SELECTOR = YES;
				GCC_WARN_UNINITIALIZED_AUTOS = YES_AGGRESSIVE;
				GCC_WARN_UNUSED_FUNCTION = YES;
				GCC_WARN_UNUSED_VARIABLE = YES;
				IPHONEOS_DEPLOYMENT_TARGET = 17.0;
				LOCALIZATION_PREFERS_STRING_CATALOGS = YES;
				MTL_ENABLE_DEBUG_INFO = INCLUDE_SOURCE;
				MTL_FAST_MATH = YES;
				ONLY_ACTIVE_ARCH = YES;
				SDKROOT = iphoneos;
				SWIFT_ACTIVE_COMPILATION_CONDITIONS = "DEBUG $(inherited)";
				SWIFT_OPTIMIZATION_LEVEL = "-Onone";
			};
			name = Debug;
		};
		98ED4AA32AF597AB00FF4170 /* Release */ = {
			isa = XCBuildConfiguration;
			buildSettings = {
				ALWAYS_SEARCH_USER_PATHS = NO;
				ASSETCATALOG_COMPILER_GENERATE_SWIFT_ASSET_SYMBOL_EXTENSIONS = YES;
				CLANG_ANALYZER_NONNULL = YES;
				CLANG_ANALYZER_NUMBER_OBJECT_CONVERSION = YES_AGGRESSIVE;
				CLANG_CXX_LANGUAGE_STANDARD = "gnu++20";
				CLANG_ENABLE_MODULES = YES;
				CLANG_ENABLE_OBJC_ARC = YES;
				CLANG_ENABLE_OBJC_WEAK = YES;
				CLANG_WARN_BLOCK_CAPTURE_AUTORELEASING = YES;
				CLANG_WARN_BOOL_CONVERSION = YES;
				CLANG_WARN_COMMA = YES;
				CLANG_WARN_CONSTANT_CONVERSION = YES;
				CLANG_WARN_DEPRECATED_OBJC_IMPLEMENTATIONS = YES;
				CLANG_WARN_DIRECT_OBJC_ISA_USAGE = YES_ERROR;
				CLANG_WARN_DOCUMENTATION_COMMENTS = YES;
				CLANG_WARN_EMPTY_BODY = YES;
				CLANG_WARN_ENUM_CONVERSION = YES;
				CLANG_WARN_INFINITE_RECURSION = YES;
				CLANG_WARN_INT_CONVERSION = YES;
				CLANG_WARN_NON_LITERAL_NULL_CONVERSION = YES;
				CLANG_WARN_OBJC_IMPLICIT_RETAIN_SELF = YES;
				CLANG_WARN_OBJC_LITERAL_CONVERSION = YES;
				CLANG_WARN_OBJC_ROOT_CLASS = YES_ERROR;
				CLANG_WARN_QUOTED_INCLUDE_IN_FRAMEWORK_HEADER = YES;
				CLANG_WARN_RANGE_LOOP_ANALYSIS = YES;
				CLANG_WARN_STRICT_PROTOTYPES = YES;
				CLANG_WARN_SUSPICIOUS_MOVE = YES;
				CLANG_WARN_UNGUARDED_AVAILABILITY = YES_AGGRESSIVE;
				CLANG_WARN_UNREACHABLE_CODE = YES;
				CLANG_WARN__DUPLICATE_METHOD_MATCH = YES;
				COPY_PHASE_STRIP = NO;
				DEBUG_INFORMATION_FORMAT = "dwarf-with-dsym";
				ENABLE_NS_ASSERTIONS = NO;
				ENABLE_STRICT_OBJC_MSGSEND = YES;
				ENABLE_USER_SCRIPT_SANDBOXING = YES;
				GCC_C_LANGUAGE_STANDARD = gnu17;
				GCC_NO_COMMON_BLOCKS = YES;
				GCC_WARN_64_TO_32_BIT_CONVERSION = YES;
				GCC_WARN_ABOUT_RETURN_TYPE = YES_ERROR;
				GCC_WARN_UNDECLARED_SELECTOR = YES;
				GCC_WARN_UNINITIALIZED_AUTOS = YES_AGGRESSIVE;
				GCC_WARN_UNUSED_FUNCTION = YES;
				GCC_WARN_UNUSED_VARIABLE = YES;
				IPHONEOS_DEPLOYMENT_TARGET = 17.0;
				LOCALIZATION_PREFERS_STRING_CATALOGS = YES;
				MTL_ENABLE_DEBUG_INFO = NO;
				MTL_FAST_MATH = YES;
				SDKROOT = iphoneos;
				SWIFT_COMPILATION_MODE = wholemodule;
				VALIDATE_PRODUCT = YES;
			};
			name = Release;
		};
		98ED4AA52AF597AB00FF4170 /* Debug */ = {
			isa = XCBuildConfiguration;
			buildSettings = {
				ASSETCATALOG_COMPILER_APPICON_NAME = AppIcon;
				ASSETCATALOG_COMPILER_GLOBAL_ACCENT_COLOR_NAME = AccentColor;
				CODE_SIGN_STYLE = Automatic;
				CURRENT_PROJECT_VERSION = 1;
				DEVELOPMENT_ASSET_PATHS = "\"Playground/Preview Content\"";
				ENABLE_PREVIEWS = YES;
				GENERATE_INFOPLIST_FILE = YES;
				INFOPLIST_KEY_UIApplicationSceneManifest_Generation = YES;
				INFOPLIST_KEY_UIApplicationSupportsIndirectInputEvents = YES;
				INFOPLIST_KEY_UILaunchScreen_Generation = YES;
				INFOPLIST_KEY_UISupportedInterfaceOrientations_iPad = "UIInterfaceOrientationPortrait UIInterfaceOrientationPortraitUpsideDown UIInterfaceOrientationLandscapeLeft UIInterfaceOrientationLandscapeRight";
				INFOPLIST_KEY_UISupportedInterfaceOrientations_iPhone = "UIInterfaceOrientationPortrait UIInterfaceOrientationLandscapeLeft UIInterfaceOrientationLandscapeRight";
				LD_RUNPATH_SEARCH_PATHS = (
					"$(inherited)",
					"@executable_path/Frameworks",
				);
				MARKETING_VERSION = 1.0;
				PRODUCT_BUNDLE_IDENTIFIER = rajbirjohar.Playground;
				PRODUCT_NAME = "$(TARGET_NAME)";
				SWIFT_EMIT_LOC_STRINGS = YES;
				SWIFT_VERSION = 5.0;
				TARGETED_DEVICE_FAMILY = "1,2";
			};
			name = Debug;
		};
		98ED4AA62AF597AB00FF4170 /* Release */ = {
			isa = XCBuildConfiguration;
			buildSettings = {
				ASSETCATALOG_COMPILER_APPICON_NAME = AppIcon;
				ASSETCATALOG_COMPILER_GLOBAL_ACCENT_COLOR_NAME = AccentColor;
				CODE_SIGN_STYLE = Automatic;
				CURRENT_PROJECT_VERSION = 1;
				DEVELOPMENT_ASSET_PATHS = "\"Playground/Preview Content\"";
				ENABLE_PREVIEWS = YES;
				GENERATE_INFOPLIST_FILE = YES;
				INFOPLIST_KEY_UIApplicationSceneManifest_Generation = YES;
				INFOPLIST_KEY_UIApplicationSupportsIndirectInputEvents = YES;
				INFOPLIST_KEY_UILaunchScreen_Generation = YES;
				INFOPLIST_KEY_UISupportedInterfaceOrientations_iPad = "UIInterfaceOrientationPortrait UIInterfaceOrientationPortraitUpsideDown UIInterfaceOrientationLandscapeLeft UIInterfaceOrientationLandscapeRight";
				INFOPLIST_KEY_UISupportedInterfaceOrientations_iPhone = "UIInterfaceOrientationPortrait UIInterfaceOrientationLandscapeLeft UIInterfaceOrientationLandscapeRight";
				LD_RUNPATH_SEARCH_PATHS = (
					"$(inherited)",
					"@executable_path/Frameworks",
				);
				MARKETING_VERSION = 1.0;
				PRODUCT_BUNDLE_IDENTIFIER = rajbirjohar.Playground;
				PRODUCT_NAME = "$(TARGET_NAME)";
				SWIFT_EMIT_LOC_STRINGS = YES;
				SWIFT_VERSION = 5.0;
				TARGETED_DEVICE_FAMILY = "1,2";
			};
			name = Release;
		};
		98ED4AA82AF597AB00FF4170 /* Debug */ = {
			isa = XCBuildConfiguration;
			buildSettings = {
				ALWAYS_EMBED_SWIFT_STANDARD_LIBRARIES = YES;
				BUNDLE_LOADER = "$(TEST_HOST)";
				CODE_SIGN_STYLE = Automatic;
				CURRENT_PROJECT_VERSION = 1;
				GENERATE_INFOPLIST_FILE = YES;
				IPHONEOS_DEPLOYMENT_TARGET = 17.0;
				MARKETING_VERSION = 1.0;
				PRODUCT_BUNDLE_IDENTIFIER = rajbirjohar.PlaygroundTests;
				PRODUCT_NAME = "$(TARGET_NAME)";
				SWIFT_EMIT_LOC_STRINGS = NO;
				SWIFT_VERSION = 5.0;
				TARGETED_DEVICE_FAMILY = "1,2";
				TEST_HOST = "$(BUILT_PRODUCTS_DIR)/Playground.app/$(BUNDLE_EXECUTABLE_FOLDER_PATH)/Playground";
			};
			name = Debug;
		};
		98ED4AA92AF597AB00FF4170 /* Release */ = {
			isa = XCBuildConfiguration;
			buildSettings = {
				ALWAYS_EMBED_SWIFT_STANDARD_LIBRARIES = YES;
				BUNDLE_LOADER = "$(TEST_HOST)";
				CODE_SIGN_STYLE = Automatic;
				CURRENT_PROJECT_VERSION = 1;
				GENERATE_INFOPLIST_FILE = YES;
				IPHONEOS_DEPLOYMENT_TARGET = 17.0;
				MARKETING_VERSION = 1.0;
				PRODUCT_BUNDLE_IDENTIFIER = rajbirjohar.PlaygroundTests;
				PRODUCT_NAME = "$(TARGET_NAME)";
				SWIFT_EMIT_LOC_STRINGS = NO;
				SWIFT_VERSION = 5.0;
				TARGETED_DEVICE_FAMILY = "1,2";
				TEST_HOST = "$(BUILT_PRODUCTS_DIR)/Playground.app/$(BUNDLE_EXECUTABLE_FOLDER_PATH)/Playground";
			};
			name = Release;
		};
		98ED4AAB2AF597AB00FF4170 /* Debug */ = {
			isa = XCBuildConfiguration;
			buildSettings = {
				ALWAYS_EMBED_SWIFT_STANDARD_LIBRARIES = YES;
				CODE_SIGN_STYLE = Automatic;
				CURRENT_PROJECT_VERSION = 1;
				GENERATE_INFOPLIST_FILE = YES;
				MARKETING_VERSION = 1.0;
				PRODUCT_BUNDLE_IDENTIFIER = rajbirjohar.PlaygroundUITests;
				PRODUCT_NAME = "$(TARGET_NAME)";
				SWIFT_EMIT_LOC_STRINGS = NO;
				SWIFT_VERSION = 5.0;
				TARGETED_DEVICE_FAMILY = "1,2";
				TEST_TARGET_NAME = Playground;
			};
			name = Debug;
		};
		98ED4AAC2AF597AB00FF4170 /* Release */ = {
			isa = XCBuildConfiguration;
			buildSettings = {
				ALWAYS_EMBED_SWIFT_STANDARD_LIBRARIES = YES;
				CODE_SIGN_STYLE = Automatic;
				CURRENT_PROJECT_VERSION = 1;
				GENERATE_INFOPLIST_FILE = YES;
				MARKETING_VERSION = 1.0;
				PRODUCT_BUNDLE_IDENTIFIER = rajbirjohar.PlaygroundUITests;
				PRODUCT_NAME = "$(TARGET_NAME)";
				SWIFT_EMIT_LOC_STRINGS = NO;
				SWIFT_VERSION = 5.0;
				TARGETED_DEVICE_FAMILY = "1,2";
				TEST_TARGET_NAME = Playground;
			};
			name = Release;
		};
/* End XCBuildConfiguration section */

/* Begin XCConfigurationList section */
		98ED4A7B2AF597AA00FF4170 /* Build configuration list for PBXProject "Playground" */ = {
			isa = XCConfigurationList;
			buildConfigurations = (
				98ED4AA22AF597AB00FF4170 /* Debug */,
				98ED4AA32AF597AB00FF4170 /* Release */,
			);
			defaultConfigurationIsVisible = 0;
			defaultConfigurationName = Release;
		};
		98ED4AA42AF597AB00FF4170 /* Build configuration list for PBXNativeTarget "Playground" */ = {
			isa = XCConfigurationList;
			buildConfigurations = (
				98ED4AA52AF597AB00FF4170 /* Debug */,
				98ED4AA62AF597AB00FF4170 /* Release */,
			);
			defaultConfigurationIsVisible = 0;
			defaultConfigurationName = Release;
		};
		98ED4AA72AF597AB00FF4170 /* Build configuration list for PBXNativeTarget "PlaygroundTests" */ = {
			isa = XCConfigurationList;
			buildConfigurations = (
				98ED4AA82AF597AB00FF4170 /* Debug */,
				98ED4AA92AF597AB00FF4170 /* Release */,
			);
			defaultConfigurationIsVisible = 0;
			defaultConfigurationName = Release;
		};
		98ED4AAA2AF597AB00FF4170 /* Build configuration list for PBXNativeTarget "PlaygroundUITests" */ = {
			isa = XCConfigurationList;
			buildConfigurations = (
				98ED4AAB2AF597AB00FF4170 /* Debug */,
				98ED4AAC2AF597AB00FF4170 /* Release */,
			);
			defaultConfigurationIsVisible = 0;
			defaultConfigurationName = Release;
		};
/* End XCConfigurationList section */
	};
	rootObject = 98ED4A782AF597AA00FF4170 /* Project object */;
}
